
Microsoft Visual Studio Solution File, Format Version 12.00
# Visual Studio 15
VisualStudioVersion = 15.0.27703.2026
MinimumVisualStudioVersion = 10.0.40219.1
Project("{FAE04EC0-301F-11D3-BF4B-00C04F79EFBC}") = "Starwars", "Starwars\Starwars.csproj", "{89169CC7-13C9-4B64-A14D-732470EDA893}"
EndProject
Project("{FAE04EC0-301F-11D3-BF4B-00C04F79EFBC}") = "UnitTests", "UnitTests\UnitTests.csproj", "{2B6F4458-07BF-4285-B70F-60CCF3766160}"
EndProject
Global
	GlobalSection(SolutionConfigurationPlatforms) = preSolution
		Debug|Any CPU = Debug|Any CPU
		Release|Any CPU = Release|Any CPU
	EndGlobalSection
	GlobalSection(ProjectConfigurationPlatforms) = postSolution
		{89169CC7-13C9-4B64-A14D-732470EDA893}.Debug|Any CPU.ActiveCfg = Debug|Any CPU
		{89169CC7-13C9-4B64-A14D-732470EDA893}.Debug|Any CPU.Build.0 = Debug|Any CPU
		{89169CC7-13C9-4B64-A14D-732470EDA893}.Release|Any CPU.ActiveCfg = Release|Any CPU
		{89169CC7-13C9-4B64-A14D-732470EDA893}.Release|Any CPU.Build.0 = Release|Any CPU
		{2B6F4458-07BF-4285-B70F-60CCF3766160}.Debug|Any CPU.ActiveCfg = Debug|Any CPU
		{2B6F4458-07BF-4285-B70F-60CCF3766160}.Debug|Any CPU.Build.0 = Debug|Any CPU
		{2B6F4458-07BF-4285-B70F-60CCF3766160}.Release|Any CPU.ActiveCfg = Release|Any CPU
		{2B6F4458-07BF-4285-B70F-60CCF3766160}.Release|Any CPU.Build.0 = Release|Any CPU
	EndGlobalSection
	GlobalSection(SolutionProperties) = preSolution
		HideSolutionNode = FALSE
	EndGlobalSection
	GlobalSection(ExtensibilityGlobals) = postSolution
		SolutionGuid = {FE24935B-B12D-4DC6-9402-90953E78EC33}
	EndGlobalSection
EndGlobal
